
Microsoft Visual Studio Solution File, Format Version 12.00
# Visual Studio 14
VisualStudioVersion = 14.0.25123.0
MinimumVisualStudioVersion = 10.0.40219.1
Project("{FAE04EC0-301F-11D3-BF4B-00C04F79EFBC}") = "Server", "Server\Server.csproj", "{74D72D24-8C82-4F93-BB75-FDCF4BECCD83}"
	ProjectSection(ProjectDependencies) = postProject
		{5FDE728E-4392-4B6C-9B28-86506438C7F4} = {5FDE728E-4392-4B6C-9B28-86506438C7F4}
		{68B2D2CF-DE68-4BCC-82B0-D09A99E32A8D} = {68B2D2CF-DE68-4BCC-82B0-D09A99E32A8D}
	EndProjectSection
EndProject
Project("{FAE04EC0-301F-11D3-BF4B-00C04F79EFBC}") = "RailgunNet", "..\RailgunNet\RailgunNet.csproj", "{71FADA64-87B4-4EE9-B36C-7593E3115D84}"
EndProject
Project("{FAE04EC0-301F-11D3-BF4B-00C04F79EFBC}") = "GameLogic", "GameLogic\GameLogic.csproj", "{68B2D2CF-DE68-4BCC-82B0-D09A99E32A8D}"
EndProject
Project("{FAE04EC0-301F-11D3-BF4B-00C04F79EFBC}") = "UnityEngineStandalone", "UnityEngineStandalone\UnityEngineStandalone.csproj", "{5FDE728E-4392-4B6C-9B28-86506438C7F4}"
EndProject
Global
	GlobalSection(SolutionConfigurationPlatforms) = preSolution
		Client Debug|Any CPU = Client Debug|Any CPU
		Client Release|Any CPU = Client Release|Any CPU
		Server Debug|Any CPU = Server Debug|Any CPU
		Server Release|Any CPU = Server Release|Any CPU
	EndGlobalSection
	GlobalSection(ProjectConfigurationPlatforms) = postSolution
		{74D72D24-8C82-4F93-BB75-FDCF4BECCD83}.Client Debug|Any CPU.ActiveCfg = Server Debug|Any CPU
		{74D72D24-8C82-4F93-BB75-FDCF4BECCD83}.Client Release|Any CPU.ActiveCfg = Server Release|Any CPU
		{74D72D24-8C82-4F93-BB75-FDCF4BECCD83}.Server Debug|Any CPU.ActiveCfg = Server Debug|Any CPU
		{74D72D24-8C82-4F93-BB75-FDCF4BECCD83}.Server Debug|Any CPU.Build.0 = Server Debug|Any CPU
		{74D72D24-8C82-4F93-BB75-FDCF4BECCD83}.Server Release|Any CPU.ActiveCfg = Server Debug|Any CPU
		{74D72D24-8C82-4F93-BB75-FDCF4BECCD83}.Server Release|Any CPU.Build.0 = Server Debug|Any CPU
		{71FADA64-87B4-4EE9-B36C-7593E3115D84}.Client Debug|Any CPU.ActiveCfg = Debug Master|Any CPU
		{71FADA64-87B4-4EE9-B36C-7593E3115D84}.Client Debug|Any CPU.Build.0 = Debug Master|Any CPU
		{71FADA64-87B4-4EE9-B36C-7593E3115D84}.Client Release|Any CPU.ActiveCfg = Debug Master|Any CPU
		{71FADA64-87B4-4EE9-B36C-7593E3115D84}.Client Release|Any CPU.Build.0 = Debug Master|Any CPU
		{71FADA64-87B4-4EE9-B36C-7593E3115D84}.Server Debug|Any CPU.ActiveCfg = Debug Master|Any CPU
		{71FADA64-87B4-4EE9-B36C-7593E3115D84}.Server Debug|Any CPU.Build.0 = Debug Master|Any CPU
		{71FADA64-87B4-4EE9-B36C-7593E3115D84}.Server Release|Any CPU.ActiveCfg = Debug Master|Any CPU
		{71FADA64-87B4-4EE9-B36C-7593E3115D84}.Server Release|Any CPU.Build.0 = Debug Master|Any CPU
		{68B2D2CF-DE68-4BCC-82B0-D09A99E32A8D}.Client Debug|Any CPU.ActiveCfg = Client Debug|Any CPU
		{68B2D2CF-DE68-4BCC-82B0-D09A99E32A8D}.Client Debug|Any CPU.Build.0 = Client Debug|Any CPU
		{68B2D2CF-DE68-4BCC-82B0-D09A99E32A8D}.Client Release|Any CPU.ActiveCfg = Client Release|Any CPU
		{68B2D2CF-DE68-4BCC-82B0-D09A99E32A8D}.Client Release|Any CPU.Build.0 = Client Release|Any CPU
		{68B2D2CF-DE68-4BCC-82B0-D09A99E32A8D}.Server Debug|Any CPU.ActiveCfg = Server Debug|Any CPU
		{68B2D2CF-DE68-4BCC-82B0-D09A99E32A8D}.Server Debug|Any CPU.Build.0 = Server Debug|Any CPU
		{68B2D2CF-DE68-4BCC-82B0-D09A99E32A8D}.Server Release|Any CPU.ActiveCfg = Server Release|Any CPU
		{68B2D2CF-DE68-4BCC-82B0-D09A99E32A8D}.Server Release|Any CPU.Build.0 = Server Release|Any CPU
		{5FDE728E-4392-4B6C-9B28-86506438C7F4}.Client Debug|Any CPU.ActiveCfg = Debug|Any CPU
		{5FDE728E-4392-4B6C-9B28-86506438C7F4}.Client Release|Any CPU.ActiveCfg = Release|Any CPU
		{5FDE728E-4392-4B6C-9B28-86506438C7F4}.Server Debug|Any CPU.ActiveCfg = Debug|Any CPU
		{5FDE728E-4392-4B6C-9B28-86506438C7F4}.Server Debug|Any CPU.Build.0 = Debug|Any CPU
		{5FDE728E-4392-4B6C-9B28-86506438C7F4}.Server Release|Any CPU.ActiveCfg = Release|Any CPU
		{5FDE728E-4392-4B6C-9B28-86506438C7F4}.Server Release|Any CPU.Build.0 = Release|Any CPU
	EndGlobalSection
	GlobalSection(SolutionProperties) = preSolution
		HideSolutionNode = FALSE
	EndGlobalSection
EndGlobal
