
Microsoft Visual Studio Solution File, Format Version 12.00
# Visual Studio 2013
VisualStudioVersion = 12.0.30501.0
MinimumVisualStudioVersion = 10.0.40219.1
Project("{FAE04EC0-301F-11D3-BF4B-00C04F79EFBC}") = "RailgunNet", "RailgunNet\RailgunNet.csproj", "{2F6BDFFF-CF4E-4C97-9ECB-04A4E4282660}"
EndProject
Global
	GlobalSection(SolutionConfigurationPlatforms) = preSolution
		Debug Client|Any CPU = Debug Client|Any CPU
		Debug Master|Any CPU = Debug Master|Any CPU
		Debug Server|Any CPU = Debug Server|Any CPU
		Release Client|Any CPU = Release Client|Any CPU
		Release Server|Any CPU = Release Server|Any CPU
	EndGlobalSection
	GlobalSection(ProjectConfigurationPlatforms) = postSolution
		{2F6BDFFF-CF4E-4C97-9ECB-04A4E4282660}.Debug Client|Any CPU.ActiveCfg = Debug Client|Any CPU
		{2F6BDFFF-CF4E-4C97-9ECB-04A4E4282660}.Debug Client|Any CPU.Build.0 = Debug Client|Any CPU
		{2F6BDFFF-CF4E-4C97-9ECB-04A4E4282660}.Debug Master|Any CPU.ActiveCfg = Debug Master|Any CPU
		{2F6BDFFF-CF4E-4C97-9ECB-04A4E4282660}.Debug Master|Any CPU.Build.0 = Debug Master|Any CPU
		{2F6BDFFF-CF4E-4C97-9ECB-04A4E4282660}.Debug Server|Any CPU.ActiveCfg = Debug Server|Any CPU
		{2F6BDFFF-CF4E-4C97-9ECB-04A4E4282660}.Debug Server|Any CPU.Build.0 = Debug Server|Any CPU
		{2F6BDFFF-CF4E-4C97-9ECB-04A4E4282660}.Release Client|Any CPU.ActiveCfg = Release Client|Any CPU
		{2F6BDFFF-CF4E-4C97-9ECB-04A4E4282660}.Release Client|Any CPU.Build.0 = Release Client|Any CPU
		{2F6BDFFF-CF4E-4C97-9ECB-04A4E4282660}.Release Server|Any CPU.ActiveCfg = Release Server|Any CPU
		{2F6BDFFF-CF4E-4C97-9ECB-04A4E4282660}.Release Server|Any CPU.Build.0 = Release Server|Any CPU
	EndGlobalSection
	GlobalSection(SolutionProperties) = preSolution
		HideSolutionNode = FALSE
	EndGlobalSection
EndGlobal
