
Microsoft Visual Studio Solution File, Format Version 12.00
# Visual Studio 14
VisualStudioVersion = 14.0.25123.0
MinimumVisualStudioVersion = 10.0.40219.1
Project("{FAE04EC0-301F-11D3-BF4B-00C04F79EFBC}") = "RailgunNet", "RailgunNet\RailgunNet.csproj", "{71FADA64-87B4-4EE9-B36C-7593E3115D84}"
EndProject
Global
	GlobalSection(SolutionConfigurationPlatforms) = preSolution
		Debug Client|Any CPU = Debug Client|Any CPU
		Debug Master|Any CPU = Debug Master|Any CPU
		Debug Server|Any CPU = Debug Server|Any CPU
		Release Client|Any CPU = Release Client|Any CPU
		Release Server|Any CPU = Release Server|Any CPU
	EndGlobalSection
	GlobalSection(ProjectConfigurationPlatforms) = postSolution
		{71FADA64-87B4-4EE9-B36C-7593E3115D84}.Debug Client|Any CPU.ActiveCfg = Debug Client|Any CPU
		{71FADA64-87B4-4EE9-B36C-7593E3115D84}.Debug Client|Any CPU.Build.0 = Debug Client|Any CPU
		{71FADA64-87B4-4EE9-B36C-7593E3115D84}.Debug Master|Any CPU.ActiveCfg = Debug Master|Any CPU
		{71FADA64-87B4-4EE9-B36C-7593E3115D84}.Debug Master|Any CPU.Build.0 = Debug Master|Any CPU
		{71FADA64-87B4-4EE9-B36C-7593E3115D84}.Debug Server|Any CPU.ActiveCfg = Debug Server|Any CPU
		{71FADA64-87B4-4EE9-B36C-7593E3115D84}.Debug Server|Any CPU.Build.0 = Debug Server|Any CPU
		{71FADA64-87B4-4EE9-B36C-7593E3115D84}.Release Client|Any CPU.ActiveCfg = Release Client|Any CPU
		{71FADA64-87B4-4EE9-B36C-7593E3115D84}.Release Client|Any CPU.Build.0 = Release Client|Any CPU
		{71FADA64-87B4-4EE9-B36C-7593E3115D84}.Release Server|Any CPU.ActiveCfg = Release Server|Any CPU
		{71FADA64-87B4-4EE9-B36C-7593E3115D84}.Release Server|Any CPU.Build.0 = Release Server|Any CPU
	EndGlobalSection
	GlobalSection(SolutionProperties) = preSolution
		HideSolutionNode = FALSE
	EndGlobalSection
EndGlobal
